
Microsoft Visual Studio Solution File, Format Version 12.00
# Visual Studio 15
VisualStudioVersion = 15.0.27703.2018
MinimumVisualStudioVersion = 10.0.40219.1
Project("{FAE04EC0-301F-11D3-BF4B-00C04F79EFBC}") = "AppTask.Android", "AppTask\AppTask.Android\AppTask.Android.csproj", "{4B8E362A-AA6D-4421-ACA9-3D793F31175B}"
EndProject
Project("{FAE04EC0-301F-11D3-BF4B-00C04F79EFBC}") = "AppTask.iOS", "AppTask\AppTask.iOS\AppTask.iOS.csproj", "{40A39767-EB37-4968-AE02-F845B1ACC1AF}"
EndProject
Project("{FAE04EC0-301F-11D3-BF4B-00C04F79EFBC}") = "AppTask", "AppTask\AppTask\AppTask.csproj", "{1F01901D-B98A-4677-8382-A82B9A7FE206}"
EndProject
Global
	GlobalSection(SolutionConfigurationPlatforms) = preSolution
		Ad-Hoc|Any CPU = Ad-Hoc|Any CPU
		Ad-Hoc|iPhone = Ad-Hoc|iPhone
		Ad-Hoc|iPhoneSimulator = Ad-Hoc|iPhoneSimulator
		AppStore|Any CPU = AppStore|Any CPU
		AppStore|iPhone = AppStore|iPhone
		AppStore|iPhoneSimulator = AppStore|iPhoneSimulator
		Debug|Any CPU = Debug|Any CPU
		Debug|iPhone = Debug|iPhone
		Debug|iPhoneSimulator = Debug|iPhoneSimulator
		Release|Any CPU = Release|Any CPU
		Release|iPhone = Release|iPhone
		Release|iPhoneSimulator = Release|iPhoneSimulator
	EndGlobalSection
	GlobalSection(ProjectConfigurationPlatforms) = postSolution
		{4B8E362A-AA6D-4421-ACA9-3D793F31175B}.Ad-Hoc|Any CPU.ActiveCfg = Release|Any CPU
		{4B8E362A-AA6D-4421-ACA9-3D793F31175B}.Ad-Hoc|Any CPU.Build.0 = Release|Any CPU
		{4B8E362A-AA6D-4421-ACA9-3D793F31175B}.Ad-Hoc|Any CPU.Deploy.0 = Release|Any CPU
		{4B8E362A-AA6D-4421-ACA9-3D793F31175B}.Ad-Hoc|iPhone.ActiveCfg = Release|Any CPU
		{4B8E362A-AA6D-4421-ACA9-3D793F31175B}.Ad-Hoc|iPhone.Build.0 = Release|Any CPU
		{4B8E362A-AA6D-4421-ACA9-3D793F31175B}.Ad-Hoc|iPhone.Deploy.0 = Release|Any CPU
		{4B8E362A-AA6D-4421-ACA9-3D793F31175B}.Ad-Hoc|iPhoneSimulator.ActiveCfg = Release|Any CPU
		{4B8E362A-AA6D-4421-ACA9-3D793F31175B}.Ad-Hoc|iPhoneSimulator.Build.0 = Release|Any CPU
		{4B8E362A-AA6D-4421-ACA9-3D793F31175B}.Ad-Hoc|iPhoneSimulator.Deploy.0 = Release|Any CPU
		{4B8E362A-AA6D-4421-ACA9-3D793F31175B}.AppStore|Any CPU.ActiveCfg = Release|Any CPU
		{4B8E362A-AA6D-4421-ACA9-3D793F31175B}.AppStore|Any CPU.Build.0 = Release|Any CPU
		{4B8E362A-AA6D-4421-ACA9-3D793F31175B}.AppStore|Any CPU.Deploy.0 = Release|Any CPU
		{4B8E362A-AA6D-4421-ACA9-3D793F31175B}.AppStore|iPhone.ActiveCfg = Release|Any CPU
		{4B8E362A-AA6D-4421-ACA9-3D793F31175B}.AppStore|iPhone.Build.0 = Release|Any CPU
		{4B8E362A-AA6D-4421-ACA9-3D793F31175B}.AppStore|iPhone.Deploy.0 = Release|Any CPU
		{4B8E362A-AA6D-4421-ACA9-3D793F31175B}.AppStore|iPhoneSimulator.ActiveCfg = Release|Any CPU
		{4B8E362A-AA6D-4421-ACA9-3D793F31175B}.AppStore|iPhoneSimulator.Build.0 = Release|Any CPU
		{4B8E362A-AA6D-4421-ACA9-3D793F31175B}.AppStore|iPhoneSimulator.Deploy.0 = Release|Any CPU
		{4B8E362A-AA6D-4421-ACA9-3D793F31175B}.Debug|Any CPU.ActiveCfg = Debug|Any CPU
		{4B8E362A-AA6D-4421-ACA9-3D793F31175B}.Debug|Any CPU.Build.0 = Debug|Any CPU
		{4B8E362A-AA6D-4421-ACA9-3D793F31175B}.Debug|Any CPU.Deploy.0 = Debug|Any CPU
		{4B8E362A-AA6D-4421-ACA9-3D793F31175B}.Debug|iPhone.ActiveCfg = Debug|Any CPU
		{4B8E362A-AA6D-4421-ACA9-3D793F31175B}.Debug|iPhone.Build.0 = Debug|Any CPU
		{4B8E362A-AA6D-4421-ACA9-3D793F31175B}.Debug|iPhone.Deploy.0 = Debug|Any CPU
		{4B8E362A-AA6D-4421-ACA9-3D793F31175B}.Debug|iPhoneSimulator.ActiveCfg = Debug|Any CPU
		{4B8E362A-AA6D-4421-ACA9-3D793F31175B}.Debug|iPhoneSimulator.Build.0 = Debug|Any CPU
		{4B8E362A-AA6D-4421-ACA9-3D793F31175B}.Debug|iPhoneSimulator.Deploy.0 = Debug|Any CPU
		{4B8E362A-AA6D-4421-ACA9-3D793F31175B}.Release|Any CPU.ActiveCfg = Release|Any CPU
		{4B8E362A-AA6D-4421-ACA9-3D793F31175B}.Release|Any CPU.Build.0 = Release|Any CPU
		{4B8E362A-AA6D-4421-ACA9-3D793F31175B}.Release|Any CPU.Deploy.0 = Release|Any CPU
		{4B8E362A-AA6D-4421-ACA9-3D793F31175B}.Release|iPhone.ActiveCfg = Release|Any CPU
		{4B8E362A-AA6D-4421-ACA9-3D793F31175B}.Release|iPhone.Build.0 = Release|Any CPU
		{4B8E362A-AA6D-4421-ACA9-3D793F31175B}.Release|iPhone.Deploy.0 = Release|Any CPU
		{4B8E362A-AA6D-4421-ACA9-3D793F31175B}.Release|iPhoneSimulator.ActiveCfg = Release|Any CPU
		{4B8E362A-AA6D-4421-ACA9-3D793F31175B}.Release|iPhoneSimulator.Build.0 = Release|Any CPU
		{4B8E362A-AA6D-4421-ACA9-3D793F31175B}.Release|iPhoneSimulator.Deploy.0 = Release|Any CPU
		{40A39767-EB37-4968-AE02-F845B1ACC1AF}.Ad-Hoc|Any CPU.ActiveCfg = Ad-Hoc|iPhone
		{40A39767-EB37-4968-AE02-F845B1ACC1AF}.Ad-Hoc|Any CPU.Build.0 = Ad-Hoc|iPhone
		{40A39767-EB37-4968-AE02-F845B1ACC1AF}.Ad-Hoc|Any CPU.Deploy.0 = Ad-Hoc|iPhone
		{40A39767-EB37-4968-AE02-F845B1ACC1AF}.Ad-Hoc|iPhone.ActiveCfg = Ad-Hoc|iPhone
		{40A39767-EB37-4968-AE02-F845B1ACC1AF}.Ad-Hoc|iPhone.Build.0 = Ad-Hoc|iPhone
		{40A39767-EB37-4968-AE02-F845B1ACC1AF}.Ad-Hoc|iPhone.Deploy.0 = Ad-Hoc|iPhone
		{40A39767-EB37-4968-AE02-F845B1ACC1AF}.Ad-Hoc|iPhoneSimulator.ActiveCfg = Ad-Hoc|iPhoneSimulator
		{40A39767-EB37-4968-AE02-F845B1ACC1AF}.Ad-Hoc|iPhoneSimulator.Build.0 = Ad-Hoc|iPhoneSimulator
		{40A39767-EB37-4968-AE02-F845B1ACC1AF}.Ad-Hoc|iPhoneSimulator.Deploy.0 = Ad-Hoc|iPhoneSimulator
		{40A39767-EB37-4968-AE02-F845B1ACC1AF}.AppStore|Any CPU.ActiveCfg = AppStore|iPhone
		{40A39767-EB37-4968-AE02-F845B1ACC1AF}.AppStore|Any CPU.Build.0 = AppStore|iPhone
		{40A39767-EB37-4968-AE02-F845B1ACC1AF}.AppStore|Any CPU.Deploy.0 = AppStore|iPhone
		{40A39767-EB37-4968-AE02-F845B1ACC1AF}.AppStore|iPhone.ActiveCfg = AppStore|iPhone
		{40A39767-EB37-4968-AE02-F845B1ACC1AF}.AppStore|iPhone.Build.0 = AppStore|iPhone
		{40A39767-EB37-4968-AE02-F845B1ACC1AF}.AppStore|iPhone.Deploy.0 = AppStore|iPhone
		{40A39767-EB37-4968-AE02-F845B1ACC1AF}.AppStore|iPhoneSimulator.ActiveCfg = AppStore|iPhoneSimulator
		{40A39767-EB37-4968-AE02-F845B1ACC1AF}.AppStore|iPhoneSimulator.Build.0 = AppStore|iPhoneSimulator
		{40A39767-EB37-4968-AE02-F845B1ACC1AF}.AppStore|iPhoneSimulator.Deploy.0 = AppStore|iPhoneSimulator
		{40A39767-EB37-4968-AE02-F845B1ACC1AF}.Debug|Any CPU.ActiveCfg = Debug|iPhoneSimulator
		{40A39767-EB37-4968-AE02-F845B1ACC1AF}.Debug|Any CPU.Build.0 = Debug|iPhoneSimulator
		{40A39767-EB37-4968-AE02-F845B1ACC1AF}.Debug|Any CPU.Deploy.0 = Debug|iPhoneSimulator
		{40A39767-EB37-4968-AE02-F845B1ACC1AF}.Debug|iPhone.ActiveCfg = Debug|iPhone
		{40A39767-EB37-4968-AE02-F845B1ACC1AF}.Debug|iPhone.Build.0 = Debug|iPhone
		{40A39767-EB37-4968-AE02-F845B1ACC1AF}.Debug|iPhone.Deploy.0 = Debug|iPhone
		{40A39767-EB37-4968-AE02-F845B1ACC1AF}.Debug|iPhoneSimulator.ActiveCfg = Debug|iPhoneSimulator
		{40A39767-EB37-4968-AE02-F845B1ACC1AF}.Debug|iPhoneSimulator.Build.0 = Debug|iPhoneSimulator
		{40A39767-EB37-4968-AE02-F845B1ACC1AF}.Debug|iPhoneSimulator.Deploy.0 = Debug|iPhoneSimulator
		{40A39767-EB37-4968-AE02-F845B1ACC1AF}.Release|Any CPU.ActiveCfg = Release|iPhone
		{40A39767-EB37-4968-AE02-F845B1ACC1AF}.Release|Any CPU.Build.0 = Release|iPhone
		{40A39767-EB37-4968-AE02-F845B1ACC1AF}.Release|Any CPU.Deploy.0 = Release|iPhone
		{40A39767-EB37-4968-AE02-F845B1ACC1AF}.Release|iPhone.ActiveCfg = Release|iPhone
		{40A39767-EB37-4968-AE02-F845B1ACC1AF}.Release|iPhone.Build.0 = Release|iPhone
		{40A39767-EB37-4968-AE02-F845B1ACC1AF}.Release|iPhone.Deploy.0 = Release|iPhone
		{40A39767-EB37-4968-AE02-F845B1ACC1AF}.Release|iPhoneSimulator.ActiveCfg = Release|iPhoneSimulator
		{40A39767-EB37-4968-AE02-F845B1ACC1AF}.Release|iPhoneSimulator.Build.0 = Release|iPhoneSimulator
		{40A39767-EB37-4968-AE02-F845B1ACC1AF}.Release|iPhoneSimulator.Deploy.0 = Release|iPhoneSimulator
		{1F01901D-B98A-4677-8382-A82B9A7FE206}.Ad-Hoc|Any CPU.ActiveCfg = Debug|Any CPU
		{1F01901D-B98A-4677-8382-A82B9A7FE206}.Ad-Hoc|Any CPU.Build.0 = Debug|Any CPU
		{1F01901D-B98A-4677-8382-A82B9A7FE206}.Ad-Hoc|Any CPU.Deploy.0 = Debug|Any CPU
		{1F01901D-B98A-4677-8382-A82B9A7FE206}.Ad-Hoc|iPhone.ActiveCfg = Debug|Any CPU
		{1F01901D-B98A-4677-8382-A82B9A7FE206}.Ad-Hoc|iPhone.Build.0 = Debug|Any CPU
		{1F01901D-B98A-4677-8382-A82B9A7FE206}.Ad-Hoc|iPhone.Deploy.0 = Debug|Any CPU
		{1F01901D-B98A-4677-8382-A82B9A7FE206}.Ad-Hoc|iPhoneSimulator.ActiveCfg = Debug|Any CPU
		{1F01901D-B98A-4677-8382-A82B9A7FE206}.Ad-Hoc|iPhoneSimulator.Build.0 = Debug|Any CPU
		{1F01901D-B98A-4677-8382-A82B9A7FE206}.Ad-Hoc|iPhoneSimulator.Deploy.0 = Debug|Any CPU
		{1F01901D-B98A-4677-8382-A82B9A7FE206}.AppStore|Any CPU.ActiveCfg = Debug|Any CPU
		{1F01901D-B98A-4677-8382-A82B9A7FE206}.AppStore|Any CPU.Build.0 = Debug|Any CPU
		{1F01901D-B98A-4677-8382-A82B9A7FE206}.AppStore|Any CPU.Deploy.0 = Debug|Any CPU
		{1F01901D-B98A-4677-8382-A82B9A7FE206}.AppStore|iPhone.ActiveCfg = Debug|Any CPU
		{1F01901D-B98A-4677-8382-A82B9A7FE206}.AppStore|iPhone.Build.0 = Debug|Any CPU
		{1F01901D-B98A-4677-8382-A82B9A7FE206}.AppStore|iPhone.Deploy.0 = Debug|Any CPU
		{1F01901D-B98A-4677-8382-A82B9A7FE206}.AppStore|iPhoneSimulator.ActiveCfg = Debug|Any CPU
		{1F01901D-B98A-4677-8382-A82B9A7FE206}.AppStore|iPhoneSimulator.Build.0 = Debug|Any CPU
		{1F01901D-B98A-4677-8382-A82B9A7FE206}.AppStore|iPhoneSimulator.Deploy.0 = Debug|Any CPU
		{1F01901D-B98A-4677-8382-A82B9A7FE206}.Debug|Any CPU.ActiveCfg = Debug|Any CPU
		{1F01901D-B98A-4677-8382-A82B9A7FE206}.Debug|Any CPU.Build.0 = Debug|Any CPU
		{1F01901D-B98A-4677-8382-A82B9A7FE206}.Debug|Any CPU.Deploy.0 = Debug|Any CPU
		{1F01901D-B98A-4677-8382-A82B9A7FE206}.Debug|iPhone.ActiveCfg = Debug|Any CPU
		{1F01901D-B98A-4677-8382-A82B9A7FE206}.Debug|iPhone.Build.0 = Debug|Any CPU
		{1F01901D-B98A-4677-8382-A82B9A7FE206}.Debug|iPhone.Deploy.0 = Debug|Any CPU
		{1F01901D-B98A-4677-8382-A82B9A7FE206}.Debug|iPhoneSimulator.ActiveCfg = Debug|Any CPU
		{1F01901D-B98A-4677-8382-A82B9A7FE206}.Debug|iPhoneSimulator.Build.0 = Debug|Any CPU
		{1F01901D-B98A-4677-8382-A82B9A7FE206}.Debug|iPhoneSimulator.Deploy.0 = Debug|Any CPU
		{1F01901D-B98A-4677-8382-A82B9A7FE206}.Release|Any CPU.ActiveCfg = Release|Any CPU
		{1F01901D-B98A-4677-8382-A82B9A7FE206}.Release|Any CPU.Build.0 = Release|Any CPU
		{1F01901D-B98A-4677-8382-A82B9A7FE206}.Release|Any CPU.Deploy.0 = Release|Any CPU
		{1F01901D-B98A-4677-8382-A82B9A7FE206}.Release|iPhone.ActiveCfg = Release|Any CPU
		{1F01901D-B98A-4677-8382-A82B9A7FE206}.Release|iPhone.Build.0 = Release|Any CPU
		{1F01901D-B98A-4677-8382-A82B9A7FE206}.Release|iPhone.Deploy.0 = Release|Any CPU
		{1F01901D-B98A-4677-8382-A82B9A7FE206}.Release|iPhoneSimulator.ActiveCfg = Release|Any CPU
		{1F01901D-B98A-4677-8382-A82B9A7FE206}.Release|iPhoneSimulator.Build.0 = Release|Any CPU
		{1F01901D-B98A-4677-8382-A82B9A7FE206}.Release|iPhoneSimulator.Deploy.0 = Release|Any CPU
	EndGlobalSection
	GlobalSection(SolutionProperties) = preSolution
		HideSolutionNode = FALSE
	EndGlobalSection
	GlobalSection(ExtensibilityGlobals) = postSolution
		SolutionGuid = {4BEDDA4F-BE3C-4DF7-93A7-3BB989E808A7}
	EndGlobalSection
EndGlobal
